
Microsoft Visual Studio Solution File, Format Version 12.00
# Visual Studio Version 17
VisualStudioVersion = 17.14.36203.30 d17.14
MinimumVisualStudioVersion = 10.0.40219.1
Project("{FAE04EC0-301F-11D3-BF4B-00C04F79EFBC}") = "ClientesOracleEf", "ClientesOracleEf\ClientesOracleEf.csproj", "{202E1145-B828-4BCF-9959-2D8C992974B2}"
EndProject
Global
	GlobalSection(SolutionConfigurationPlatforms) = preSolution
		Debug|Any CPU = Debug|Any CPU
		Release|Any CPU = Release|Any CPU
	EndGlobalSection
	GlobalSection(ProjectConfigurationPlatforms) = postSolution
		{202E1145-B828-4BCF-9959-2D8C992974B2}.Debug|Any CPU.ActiveCfg = Debug|Any CPU
		{202E1145-B828-4BCF-9959-2D8C992974B2}.Debug|Any CPU.Build.0 = Debug|Any CPU
		{202E1145-B828-4BCF-9959-2D8C992974B2}.Release|Any CPU.ActiveCfg = Release|Any CPU
		{202E1145-B828-4BCF-9959-2D8C992974B2}.Release|Any CPU.Build.0 = Release|Any CPU
	EndGlobalSection
	GlobalSection(SolutionProperties) = preSolution
		HideSolutionNode = FALSE
	EndGlobalSection
	GlobalSection(ExtensibilityGlobals) = postSolution
		SolutionGuid = {37596AF4-87BB-482A-929E-EB9A49B22E8C}
	EndGlobalSection
EndGlobal
